// !$*UTF8*$!
{
	archiveVersion = 1;
	classes = {
	};
	objectVersion = 50;
	objects = {

/* Begin PBXBuildFile section */
		CC8B34952098F8E000240CF7 /* AppDelegate.swift in Sources */ = {isa = PBXBuildFile; fileRef = CC8B34942098F8E000240CF7 /* AppDelegate.swift */; };
		CC8B349A2098F8E000240CF7 /* Main.storyboard in Resources */ = {isa = PBXBuildFile; fileRef = CC8B34982098F8E000240CF7 /* Main.storyboard */; };
		CC8B349C2098F8E100240CF7 /* Assets.xcassets in Resources */ = {isa = PBXBuildFile; fileRef = CC8B349B2098F8E100240CF7 /* Assets.xcassets */; };
		CC8B349F2098F8E100240CF7 /* LaunchScreen.storyboard in Resources */ = {isa = PBXBuildFile; fileRef = CC8B349D2098F8E100240CF7 /* LaunchScreen.storyboard */; };
		CC8B34A72099069F00240CF7 /* HomeViewController.swift in Sources */ = {isa = PBXBuildFile; fileRef = CC8B34A62099069F00240CF7 /* HomeViewController.swift */; };
		CC8B34A92099071900240CF7 /* FuncSelectViewController.swift in Sources */ = {isa = PBXBuildFile; fileRef = CC8B34A82099071900240CF7 /* FuncSelectViewController.swift */; };
		CC8B34AB2099073C00240CF7 /* RecSelectViewController.swift in Sources */ = {isa = PBXBuildFile; fileRef = CC8B34AA2099073C00240CF7 /* RecSelectViewController.swift */; };
		CC8B34AD2099078500240CF7 /* AudioViewController.swift in Sources */ = {isa = PBXBuildFile; fileRef = CC8B34AC2099078500240CF7 /* AudioViewController.swift */; };
		CC8B34AF2099079800240CF7 /* VideoViewController.swift in Sources */ = {isa = PBXBuildFile; fileRef = CC8B34AE2099079800240CF7 /* VideoViewController.swift */; };
		CC8B34B1209907AE00240CF7 /* FileSelectViewController.swift in Sources */ = {isa = PBXBuildFile; fileRef = CC8B34B0209907AE00240CF7 /* FileSelectViewController.swift */; };
		CC8B34B3209907C900240CF7 /* FolderSelectViewController.swift in Sources */ = {isa = PBXBuildFile; fileRef = CC8B34B2209907C900240CF7 /* FolderSelectViewController.swift */; };
/* End PBXBuildFile section */

/* Begin PBXFileReference section */
		CC8B34912098F8E000240CF7 /* Electurly.app */ = {isa = PBXFileReference; explicitFileType = wrapper.application; includeInIndex = 0; path = Electurly.app; sourceTree = BUILT_PRODUCTS_DIR; };
		CC8B34942098F8E000240CF7 /* AppDelegate.swift */ = {isa = PBXFileReference; lastKnownFileType = sourcecode.swift; path = AppDelegate.swift; sourceTree = "<group>"; };
		CC8B34992098F8E000240CF7 /* Base */ = {isa = PBXFileReference; lastKnownFileType = file.storyboard; name = Base; path = Base.lproj/Main.storyboard; sourceTree = "<group>"; };
		CC8B349B2098F8E100240CF7 /* Assets.xcassets */ = {isa = PBXFileReference; lastKnownFileType = folder.assetcatalog; path = Assets.xcassets; sourceTree = "<group>"; };
		CC8B349E2098F8E100240CF7 /* Base */ = {isa = PBXFileReference; lastKnownFileType = file.storyboard; name = Base; path = Base.lproj/LaunchScreen.storyboard; sourceTree = "<group>"; };
		CC8B34A02098F8E100240CF7 /* Info.plist */ = {isa = PBXFileReference; lastKnownFileType = text.plist.xml; path = Info.plist; sourceTree = "<group>"; };
		CC8B34A62099069F00240CF7 /* HomeViewController.swift */ = {isa = PBXFileReference; lastKnownFileType = sourcecode.swift; path = HomeViewController.swift; sourceTree = "<group>"; };
		CC8B34A82099071900240CF7 /* FuncSelectViewController.swift */ = {isa = PBXFileReference; lastKnownFileType = sourcecode.swift; path = FuncSelectViewController.swift; sourceTree = "<group>"; };
		CC8B34AA2099073C00240CF7 /* RecSelectViewController.swift */ = {isa = PBXFileReference; lastKnownFileType = sourcecode.swift; path = RecSelectViewController.swift; sourceTree = "<group>"; };
		CC8B34AC2099078500240CF7 /* AudioViewController.swift */ = {isa = PBXFileReference; lastKnownFileType = sourcecode.swift; path = AudioViewController.swift; sourceTree = "<group>"; };
		CC8B34AE2099079800240CF7 /* VideoViewController.swift */ = {isa = PBXFileReference; lastKnownFileType = sourcecode.swift; path = VideoViewController.swift; sourceTree = "<group>"; };
		CC8B34B0209907AE00240CF7 /* FileSelectViewController.swift */ = {isa = PBXFileReference; lastKnownFileType = sourcecode.swift; path = FileSelectViewController.swift; sourceTree = "<group>"; };
		CC8B34B2209907C900240CF7 /* FolderSelectViewController.swift */ = {isa = PBXFileReference; lastKnownFileType = sourcecode.swift; path = FolderSelectViewController.swift; sourceTree = "<group>"; };
/* End PBXFileReference section */

/* Begin PBXFrameworksBuildPhase section */
		CC8B348E2098F8E000240CF7 /* Frameworks */ = {
			isa = PBXFrameworksBuildPhase;
			buildActionMask = 2147483647;
			files = (
			);
			runOnlyForDeploymentPostprocessing = 0;
		};
/* End PBXFrameworksBuildPhase section */

/* Begin PBXGroup section */
		CC8B34882098F8E000240CF7 = {
			isa = PBXGroup;
			children = (
				CC8B34932098F8E000240CF7 /* Electurly */,
				CC8B34922098F8E000240CF7 /* Products */,
			);
			sourceTree = "<group>";
		};
		CC8B34922098F8E000240CF7 /* Products */ = {
			isa = PBXGroup;
			children = (
				CC8B34912098F8E000240CF7 /* Electurly.app */,
			);
			name = Products;
			sourceTree = "<group>";
		};
		CC8B34932098F8E000240CF7 /* Electurly */ = {
			isa = PBXGroup;
			children = (
				CC8B34942098F8E000240CF7 /* AppDelegate.swift */,
				CC8B34A62099069F00240CF7 /* HomeViewController.swift */,
				CC8B34982098F8E000240CF7 /* Main.storyboard */,
				CC8B34AC2099078500240CF7 /* AudioViewController.swift */,
				CC8B34AE2099079800240CF7 /* VideoViewController.swift */,
				CC8B34B0209907AE00240CF7 /* FileSelectViewController.swift */,
				CC8B34B2209907C900240CF7 /* FolderSelectViewController.swift */,
				CC8B34AA2099073C00240CF7 /* RecSelectViewController.swift */,
				CC8B349B2098F8E100240CF7 /* Assets.xcassets */,
				CC8B349D2098F8E100240CF7 /* LaunchScreen.storyboard */,
				CC8B34A02098F8E100240CF7 /* Info.plist */,
				CC8B34A82099071900240CF7 /* FuncSelectViewController.swift */,
			);
			path = Electurly;
			sourceTree = "<group>";
		};
/* End PBXGroup section */

/* Begin PBXNativeTarget section */
		CC8B34902098F8E000240CF7 /* Electurly */ = {
			isa = PBXNativeTarget;
			buildConfigurationList = CC8B34A32098F8E100240CF7 /* Build configuration list for PBXNativeTarget "Electurly" */;
			buildPhases = (
				CC8B348D2098F8E000240CF7 /* Sources */,
				CC8B348E2098F8E000240CF7 /* Frameworks */,
				CC8B348F2098F8E000240CF7 /* Resources */,
			);
			buildRules = (
			);
			dependencies = (
			);
			name = Electurly;
			productName = Electurly;
			productReference = CC8B34912098F8E000240CF7 /* Electurly.app */;
			productType = "com.apple.product-type.application";
		};
/* End PBXNativeTarget section */

/* Begin PBXProject section */
		CC8B34892098F8E000240CF7 /* Project object */ = {
			isa = PBXProject;
			attributes = {
				LastSwiftUpdateCheck = 0930;
				LastUpgradeCheck = 0930;
				ORGANIZATIONNAME = "Rachel Pavlakovic";
				TargetAttributes = {
					CC8B34902098F8E000240CF7 = {
						CreatedOnToolsVersion = 9.3;
					};
				};
			};
			buildConfigurationList = CC8B348C2098F8E000240CF7 /* Build configuration list for PBXProject "Electurly" */;
			compatibilityVersion = "Xcode 9.3";
			developmentRegion = en;
			hasScannedForEncodings = 0;
			knownRegions = (
				en,
				Base,
			);
			mainGroup = CC8B34882098F8E000240CF7;
			productRefGroup = CC8B34922098F8E000240CF7 /* Products */;
			projectDirPath = "";
			projectRoot = "";
			targets = (
				CC8B34902098F8E000240CF7 /* Electurly */,
			);
		};
/* End PBXProject section */

/* Begin PBXResourcesBuildPhase section */
		CC8B348F2098F8E000240CF7 /* Resources */ = {
			isa = PBXResourcesBuildPhase;
			buildActionMask = 2147483647;
			files = (
				CC8B349F2098F8E100240CF7 /* LaunchScreen.storyboard in Resources */,
				CC8B349C2098F8E100240CF7 /* Assets.xcassets in Resources */,
				CC8B349A2098F8E000240CF7 /* Main.storyboard in Resources */,
			);
			runOnlyForDeploymentPostprocessing = 0;
		};
/* End PBXResourcesBuildPhase section */

/* Begin PBXSourcesBuildPhase section */
		CC8B348D2098F8E000240CF7 /* Sources */ = {
			isa = PBXSourcesBuildPhase;
			buildActionMask = 2147483647;
			files = (
				CC8B34B1209907AE00240CF7 /* FileSelectViewController.swift in Sources */,
				CC8B34A92099071900240CF7 /* FuncSelectViewController.swift in Sources */,
				CC8B34AF2099079800240CF7 /* VideoViewController.swift in Sources */,
				CC8B34952098F8E000240CF7 /* AppDelegate.swift in Sources */,
				CC8B34A72099069F00240CF7 /* HomeViewController.swift in Sources */,
				CC8B34AB2099073C00240CF7 /* RecSelectViewController.swift in Sources */,
				CC8B34B3209907C900240CF7 /* FolderSelectViewController.swift in Sources */,
				CC8B34AD2099078500240CF7 /* AudioViewController.swift in Sources */,
			);
			runOnlyForDeploymentPostprocessing = 0;
		};
/* End PBXSourcesBuildPhase section */

/* Begin PBXVariantGroup section */
		CC8B34982098F8E000240CF7 /* Main.storyboard */ = {
			isa = PBXVariantGroup;
			children = (
				CC8B34992098F8E000240CF7 /* Base */,
			);
			name = Main.storyboard;
			sourceTree = "<group>";
		};
		CC8B349D2098F8E100240CF7 /* LaunchScreen.storyboard */ = {
			isa = PBXVariantGroup;
			children = (
				CC8B349E2098F8E100240CF7 /* Base */,
			);
			name = LaunchScreen.storyboard;
			sourceTree = "<group>";
		};
/* End PBXVariantGroup section */

/* Begin XCBuildConfiguration section */
		CC8B34A12098F8E100240CF7 /* Debug */ = {
			isa = XCBuildConfiguration;
			buildSettings = {
				ALWAYS_SEARCH_USER_PATHS = NO;
				CLANG_ANALYZER_NONNULL = YES;
				CLANG_ANALYZER_NUMBER_OBJECT_CONVERSION = YES_AGGRESSIVE;
				CLANG_CXX_LANGUAGE_STANDARD = "gnu++14";
				CLANG_CXX_LIBRARY = "libc++";
				CLANG_ENABLE_MODULES = YES;
				CLANG_ENABLE_OBJC_ARC = YES;
				CLANG_ENABLE_OBJC_WEAK = YES;
				CLANG_WARN_BLOCK_CAPTURE_AUTORELEASING = YES;
				CLANG_WARN_BOOL_CONVERSION = YES;
				CLANG_WARN_COMMA = YES;
				CLANG_WARN_CONSTANT_CONVERSION = YES;
				CLANG_WARN_DEPRECATED_OBJC_IMPLEMENTATIONS = YES;
				CLANG_WARN_DIRECT_OBJC_ISA_USAGE = YES_ERROR;
				CLANG_WARN_DOCUMENTATION_COMMENTS = YES;
				CLANG_WARN_EMPTY_BODY = YES;
				CLANG_WARN_ENUM_CONVERSION = YES;
				CLANG_WARN_INFINITE_RECURSION = YES;
				CLANG_WARN_INT_CONVERSION = YES;
				CLANG_WARN_NON_LITERAL_NULL_CONVERSION = YES;
				CLANG_WARN_OBJC_IMPLICIT_RETAIN_SELF = YES;
				CLANG_WARN_OBJC_LITERAL_CONVERSION = YES;
				CLANG_WARN_OBJC_ROOT_CLASS = YES_ERROR;
				CLANG_WARN_RANGE_LOOP_ANALYSIS = YES;
				CLANG_WARN_STRICT_PROTOTYPES = YES;
				CLANG_WARN_SUSPICIOUS_MOVE = YES;
				CLANG_WARN_UNGUARDED_AVAILABILITY = YES_AGGRESSIVE;
				CLANG_WARN_UNREACHABLE_CODE = YES;
				CLANG_WARN__DUPLICATE_METHOD_MATCH = YES;
				CODE_SIGN_IDENTITY = "iPhone Developer";
				COPY_PHASE_STRIP = NO;
				DEBUG_INFORMATION_FORMAT = dwarf;
				ENABLE_STRICT_OBJC_MSGSEND = YES;
				ENABLE_TESTABILITY = YES;
				GCC_C_LANGUAGE_STANDARD = gnu11;
				GCC_DYNAMIC_NO_PIC = NO;
				GCC_NO_COMMON_BLOCKS = YES;
				GCC_OPTIMIZATION_LEVEL = 0;
				GCC_PREPROCESSOR_DEFINITIONS = (
					"DEBUG=1",
					"$(inherited)",
				);
				GCC_WARN_64_TO_32_BIT_CONVERSION = YES;
				GCC_WARN_ABOUT_RETURN_TYPE = YES_ERROR;
				GCC_WARN_UNDECLARED_SELECTOR = YES;
				GCC_WARN_UNINITIALIZED_AUTOS = YES_AGGRESSIVE;
				GCC_WARN_UNUSED_FUNCTION = YES;
				GCC_WARN_UNUSED_VARIABLE = YES;
				IPHONEOS_DEPLOYMENT_TARGET = 11.3;
				MTL_ENABLE_DEBUG_INFO = YES;
				ONLY_ACTIVE_ARCH = YES;
				SDKROOT = iphoneos;
				SWIFT_ACTIVE_COMPILATION_CONDITIONS = DEBUG;
				SWIFT_OPTIMIZATION_LEVEL = "-Onone";
			};
			name = Debug;
		};
		CC8B34A22098F8E100240CF7 /* Release */ = {
			isa = XCBuildConfiguration;
			buildSettings = {
				ALWAYS_SEARCH_USER_PATHS = NO;
				CLANG_ANALYZER_NONNULL = YES;
				CLANG_ANALYZER_NUMBER_OBJECT_CONVERSION = YES_AGGRESSIVE;
				CLANG_CXX_LANGUAGE_STANDARD = "gnu++14";
				CLANG_CXX_LIBRARY = "libc++";
				CLANG_ENABLE_MODULES = YES;
				CLANG_ENABLE_OBJC_ARC = YES;
				CLANG_ENABLE_OBJC_WEAK = YES;
				CLANG_WARN_BLOCK_CAPTURE_AUTORELEASING = YES;
				CLANG_WARN_BOOL_CONVERSION = YES;
				CLANG_WARN_COMMA = YES;
				CLANG_WARN_CONSTANT_CONVERSION = YES;
				CLANG_WARN_DEPRECATED_OBJC_IMPLEMENTATIONS = YES;
				CLANG_WARN_DIRECT_OBJC_ISA_USAGE = YES_ERROR;
				CLANG_WARN_DOCUMENTATION_COMMENTS = YES;
				CLANG_WARN_EMPTY_BODY = YES;
				CLANG_WARN_ENUM_CONVERSION = YES;
				CLANG_WARN_INFINITE_RECURSION = YES;
				CLANG_WARN_INT_CONVERSION = YES;
				CLANG_WARN_NON_LITERAL_NULL_CONVERSION = YES;
				CLANG_WARN_OBJC_IMPLICIT_RETAIN_SELF = YES;
				CLANG_WARN_OBJC_LITERAL_CONVERSION = YES;
				CLANG_WARN_OBJC_ROOT_CLASS = YES_ERROR;
				CLANG_WARN_RANGE_LOOP_ANALYSIS = YES;
				CLANG_WARN_STRICT_PROTOTYPES = YES;
				CLANG_WARN_SUSPICIOUS_MOVE = YES;
				CLANG_WARN_UNGUARDED_AVAILABILITY = YES_AGGRESSIVE;
				CLANG_WARN_UNREACHABLE_CODE = YES;
				CLANG_WARN__DUPLICATE_METHOD_MATCH = YES;
				CODE_SIGN_IDENTITY = "iPhone Developer";
				COPY_PHASE_STRIP = NO;
				DEBUG_INFORMATION_FORMAT = "dwarf-with-dsym";
				ENABLE_NS_ASSERTIONS = NO;
				ENABLE_STRICT_OBJC_MSGSEND = YES;
				GCC_C_LANGUAGE_STANDARD = gnu11;
				GCC_NO_COMMON_BLOCKS = YES;
				GCC_WARN_64_TO_32_BIT_CONVERSION = YES;
				GCC_WARN_ABOUT_RETURN_TYPE = YES_ERROR;
				GCC_WARN_UNDECLARED_SELECTOR = YES;
				GCC_WARN_UNINITIALIZED_AUTOS = YES_AGGRESSIVE;
				GCC_WARN_UNUSED_FUNCTION = YES;
				GCC_WARN_UNUSED_VARIABLE = YES;
				IPHONEOS_DEPLOYMENT_TARGET = 11.3;
				MTL_ENABLE_DEBUG_INFO = NO;
				SDKROOT = iphoneos;
				SWIFT_COMPILATION_MODE = wholemodule;
				SWIFT_OPTIMIZATION_LEVEL = "-O";
				VALIDATE_PRODUCT = YES;
			};
			name = Release;
		};
		CC8B34A42098F8E100240CF7 /* Debug */ = {
			isa = XCBuildConfiguration;
			buildSettings = {
				ASSETCATALOG_COMPILER_APPICON_NAME = AppIcon;
				CODE_SIGN_STYLE = Automatic;
				INFOPLIST_FILE = Electurly/Info.plist;
				LD_RUNPATH_SEARCH_PATHS = (
					"$(inherited)",
					"@executable_path/Frameworks",
				);
				PRODUCT_BUNDLE_IDENTIFIER = com.example.Electurly;
				PRODUCT_NAME = "$(TARGET_NAME)";
				SWIFT_VERSION = 4.0;
				TARGETED_DEVICE_FAMILY = "1,2";
			};
			name = Debug;
		};
		CC8B34A52098F8E100240CF7 /* Release */ = {
			isa = XCBuildConfiguration;
			buildSettings = {
				ASSETCATALOG_COMPILER_APPICON_NAME = AppIcon;
				CODE_SIGN_STYLE = Automatic;
				INFOPLIST_FILE = Electurly/Info.plist;
				LD_RUNPATH_SEARCH_PATHS = (
					"$(inherited)",
					"@executable_path/Frameworks",
				);
				PRODUCT_BUNDLE_IDENTIFIER = com.example.Electurly;
				PRODUCT_NAME = "$(TARGET_NAME)";
				SWIFT_VERSION = 4.0;
				TARGETED_DEVICE_FAMILY = "1,2";
			};
			name = Release;
		};
/* End XCBuildConfiguration section */

/* Begin XCConfigurationList section */
		CC8B348C2098F8E000240CF7 /* Build configuration list for PBXProject "Electurly" */ = {
			isa = XCConfigurationList;
			buildConfigurations = (
				CC8B34A12098F8E100240CF7 /* Debug */,
				CC8B34A22098F8E100240CF7 /* Release */,
			);
			defaultConfigurationIsVisible = 0;
			defaultConfigurationName = Release;
		};
		CC8B34A32098F8E100240CF7 /* Build configuration list for PBXNativeTarget "Electurly" */ = {
			isa = XCConfigurationList;
			buildConfigurations = (
				CC8B34A42098F8E100240CF7 /* Debug */,
				CC8B34A52098F8E100240CF7 /* Release */,
			);
			defaultConfigurationIsVisible = 0;
			defaultConfigurationName = Release;
		};
/* End XCConfigurationList section */
	};
	rootObject = CC8B34892098F8E000240CF7 /* Project object */;
}
